{
  "nodes": {
    "flake-compat": {
      "flake": false,
      "locked": {
        "lastModified": 1717312683,
        "narHash": "sha256-FrlieJH50AuvagamEvWMIE6D2OAnERuDboFDYAED/dE=",
        "owner": "nix-community",
        "repo": "flake-compat",
        "rev": "38fd3954cf65ce6faf3d0d45cd26059e059f07ea",
        "type": "github"
      },
      "original": {
        "owner": "nix-community",
        "repo": "flake-compat",
        "type": "github"
      }
    },
    "home-manager": {
      "inputs": {
        "nixpkgs": [
          "nixpkgs"
        ]
      },
      "locked": {
        "lastModified": 1744117652,
        "narHash": "sha256-t7dFCDl4vIOOUMhEZnJF15aAzkpaup9x4ZRGToDFYWI=",
        "owner": "nix-community",
        "repo": "home-manager",
        "rev": "b4e98224ad1336751a2ac7493967a4c9f6d9cb3f",
        "type": "github"
      },
      "original": {
        "owner": "nix-community",
        "ref": "release-24.11",
        "repo": "home-manager",
        "type": "github"
      }
    },
    "nixos-cosmic": {
      "inputs": {
        "flake-compat": "flake-compat",
        "nixpkgs": [
          "nixpkgs"
        ],
        "nixpkgs-stable": "nixpkgs-stable",
        "rust-overlay": "rust-overlay"
      },
      "locked": {
        "lastModified": 1744196922,
        "narHash": "sha256-7HdYf96M74ooBDzo+0QdRNjPfXp7L1uLT8Rw9OWilhw=",
        "owner": "lilyinstarlight",
        "repo": "nixos-cosmic",
        "rev": "ddbc76ea4c71894271900ed18110aa67a2ffc905",
        "type": "github"
      },
      "original": {
        "owner": "lilyinstarlight",
        "repo": "nixos-cosmic",
        "type": "github"
      }
    },
    "nixpkgs": {
      "locked": {
        "lastModified": 1744168086,
        "narHash": "sha256-S9M4HddBCxbbX1CKSyDYgZ8NCVyHcbKnBfoUXeRu2jQ=",
        "owner": "nixos",
        "repo": "nixpkgs",
        "rev": "60e405b241edb6f0573f3d9f944617fe33ac4a73",
        "type": "github"
      },
      "original": {
        "owner": "nixos",
        "ref": "nixos-24.11",
        "repo": "nixpkgs",
        "type": "github"
      }
    },
    "nixpkgs-stable": {
      "locked": {
        "lastModified": 1743975612,
        "narHash": "sha256-o4FjFOUmjSRMK7dn0TFdAT0RRWUWD+WsspPHa+qEQT8=",
        "owner": "NixOS",
        "repo": "nixpkgs",
        "rev": "a880f49904d68b5e53338d1e8c7bf80f59903928",
        "type": "github"
      },
      "original": {
        "owner": "NixOS",
        "ref": "nixos-24.11",
        "repo": "nixpkgs",
        "type": "github"
      }
    },
    "root": {
      "inputs": {
        "home-manager": "home-manager",
        "nixos-cosmic": "nixos-cosmic",
        "nixpkgs": "nixpkgs"
      }
    },
    "rust-overlay": {
      "inputs": {
        "nixpkgs": [
          "nixos-cosmic",
          "nixpkgs"
        ]
      },
      "locked": {
        "lastModified": 1744166053,
        "narHash": "sha256-mpI7OzFwp+fUeDtZYQbVZ2YmtxTN2UNrrOwbYD27xKU=",
        "owner": "oxalica",
        "repo": "rust-overlay",
        "rev": "896158be1835589db6f42f45ef0a49b8b492cc66",
        "type": "github"
      },
      "original": {
        "owner": "oxalica",
        "repo": "rust-overlay",
        "type": "github"
      }
    }
  },
  "root": "root",
  "version": 7
}
